Microsoft Visual Studio Solution File, Format Version 12.00
# Visual Studio 15
VisualStudioVersion = 15.0.27130.0
MinimumVisualStudioVersion = 15.0.26124.0
Project("{9A19103F-16F7-4668-BE54-9A1E7A4F7556}") = "Demo", "Demo\Demo.csproj", "{8D74D302-B633-4615-89CD-FD46F4090CBE}"
EndProject
Project("{9A19103F-16F7-4668-BE54-9A1E7A4F7556}") = "Apex", "Apex\Apex.csproj", "{110596AD-94E9-41F1-BA9E-F0BFDB0BF588}"
EndProject
Project("{9A19103F-16F7-4668-BE54-9A1E7A4F7556}") = "ApexSharpApi", "ApexSharpApi\ApexSharpApi.csproj", "{81414CBA-4D65-4E2C-8883-2C1610CF4B80}"
EndProject
Global
	GlobalSection(SolutionConfigurationPlatforms) = preSolution
		Debug|Any CPU = Debug|Any CPU
		Debug|x64 = Debug|x64
		Debug|x86 = Debug|x86
		Release|Any CPU = Release|Any CPU
		Release|x64 = Release|x64
		Release|x86 = Release|x86
	EndGlobalSection
	GlobalSection(ProjectConfigurationPlatforms) = postSolution
		{8D74D302-B633-4615-89CD-FD46F4090CBE}.Debug|Any CPU.ActiveCfg = Debug|Any CPU
		{8D74D302-B633-4615-89CD-FD46F4090CBE}.Debug|Any CPU.Build.0 = Debug|Any CPU
		{8D74D302-B633-4615-89CD-FD46F4090CBE}.Debug|x64.ActiveCfg = Debug|Any CPU
		{8D74D302-B633-4615-89CD-FD46F4090CBE}.Debug|x64.Build.0 = Debug|Any CPU
		{8D74D302-B633-4615-89CD-FD46F4090CBE}.Debug|x86.ActiveCfg = Debug|Any CPU
		{8D74D302-B633-4615-89CD-FD46F4090CBE}.Debug|x86.Build.0 = Debug|Any CPU
		{8D74D302-B633-4615-89CD-FD46F4090CBE}.Release|Any CPU.ActiveCfg = Release|Any CPU
		{8D74D302-B633-4615-89CD-FD46F4090CBE}.Release|Any CPU.Build.0 = Release|Any CPU
		{8D74D302-B633-4615-89CD-FD46F4090CBE}.Release|x64.ActiveCfg = Release|Any CPU
		{8D74D302-B633-4615-89CD-FD46F4090CBE}.Release|x64.Build.0 = Release|Any CPU
		{8D74D302-B633-4615-89CD-FD46F4090CBE}.Release|x86.ActiveCfg = Release|Any CPU
		{8D74D302-B633-4615-89CD-FD46F4090CBE}.Release|x86.Build.0 = Release|Any CPU
		{110596AD-94E9-41F1-BA9E-F0BFDB0BF588}.Debug|Any CPU.ActiveCfg = Debug|Any CPU
		{110596AD-94E9-41F1-BA9E-F0BFDB0BF588}.Debug|Any CPU.Build.0 = Debug|Any CPU
		{110596AD-94E9-41F1-BA9E-F0BFDB0BF588}.Debug|x64.ActiveCfg = Debug|Any CPU
		{110596AD-94E9-41F1-BA9E-F0BFDB0BF588}.Debug|x64.Build.0 = Debug|Any CPU
		{110596AD-94E9-41F1-BA9E-F0BFDB0BF588}.Debug|x86.ActiveCfg = Debug|Any CPU
		{110596AD-94E9-41F1-BA9E-F0BFDB0BF588}.Debug|x86.Build.0 = Debug|Any CPU
		{110596AD-94E9-41F1-BA9E-F0BFDB0BF588}.Release|Any CPU.ActiveCfg = Release|Any CPU
		{110596AD-94E9-41F1-BA9E-F0BFDB0BF588}.Release|Any CPU.Build.0 = Release|Any CPU
		{110596AD-94E9-41F1-BA9E-F0BFDB0BF588}.Release|x64.ActiveCfg = Release|Any CPU
		{110596AD-94E9-41F1-BA9E-F0BFDB0BF588}.Release|x64.Build.0 = Release|Any CPU
		{110596AD-94E9-41F1-BA9E-F0BFDB0BF588}.Release|x86.ActiveCfg = Release|Any CPU
		{110596AD-94E9-41F1-BA9E-F0BFDB0BF588}.Release|x86.Build.0 = Release|Any CPU
		{81414CBA-4D65-4E2C-8883-2C1610CF4B80}.Debug|Any CPU.ActiveCfg = Debug|Any CPU
		{81414CBA-4D65-4E2C-8883-2C1610CF4B80}.Debug|Any CPU.Build.0 = Debug|Any CPU
		{81414CBA-4D65-4E2C-8883-2C1610CF4B80}.Debug|x64.ActiveCfg = Debug|Any CPU
		{81414CBA-4D65-4E2C-8883-2C1610CF4B80}.Debug|x64.Build.0 = Debug|Any CPU
		{81414CBA-4D65-4E2C-8883-2C1610CF4B80}.Debug|x86.ActiveCfg = Debug|Any CPU
		{81414CBA-4D65-4E2C-8883-2C1610CF4B80}.Debug|x86.Build.0 = Debug|Any CPU
		{81414CBA-4D65-4E2C-8883-2C1610CF4B80}.Release|Any CPU.ActiveCfg = Release|Any CPU
		{81414CBA-4D65-4E2C-8883-2C1610CF4B80}.Release|Any CPU.Build.0 = Release|Any CPU
		{81414CBA-4D65-4E2C-8883-2C1610CF4B80}.Release|x64.ActiveCfg = Release|Any CPU
		{81414CBA-4D65-4E2C-8883-2C1610CF4B80}.Release|x64.Build.0 = Release|Any CPU
		{81414CBA-4D65-4E2C-8883-2C1610CF4B80}.Release|x86.ActiveCfg = Release|Any CPU
		{81414CBA-4D65-4E2C-8883-2C1610CF4B80}.Release|x86.Build.0 = Release|Any CPU
	EndGlobalSection
	GlobalSection(SolutionProperties) = preSolution
		HideSolutionNode = FALSE
	EndGlobalSection
	GlobalSection(ExtensibilityGlobals) = postSolution
		SolutionGuid = {671659E7-5361-4F90-9B6F-E1821D5FAB3B}
	EndGlobalSection
EndGlobal
