
Microsoft Visual Studio Solution File, Format Version 12.00
# Visual Studio 15
VisualStudioVersion = 15.0.27130.2020
MinimumVisualStudioVersion = 10.0.40219.1
Project("{9A19103F-16F7-4668-BE54-9A1E7A4F7556}") = "Apex", "Apex\Apex.csproj", "{269B0981-154B-4DDE-9B0A-18685C38BD9B}"
EndProject
Project("{9A19103F-16F7-4668-BE54-9A1E7A4F7556}") = "ApexSharpApi", "ApexSharpApi\ApexSharpApi.csproj", "{A946AC19-13DF-4906-A5F3-F9A90DB20287}"
EndProject
Project("{9A19103F-16F7-4668-BE54-9A1E7A4F7556}") = "ApexTest", "ApexTest\ApexTest.csproj", "{9B2F3A1B-735D-4425-B959-C0073870F6D8}"
EndProject
Project("{9A19103F-16F7-4668-BE54-9A1E7A4F7556}") = "ApexSharpApiTest", "ApexSharpApiTest\ApexSharpApiTest.csproj", "{E14A4AAE-58BC-4BEA-954F-9CE2DFFF2F63}"
EndProject
Project("{9A19103F-16F7-4668-BE54-9A1E7A4F7556}") = "ApexApiAnalyzer", "ApexApiAnalyzer\ApexApiAnalyzer.csproj", "{8F282711-C373-4C07-97E2-A07DFCCB15D9}"
EndProject
Project("{9A19103F-16F7-4668-BE54-9A1E7A4F7556}") = "ApexApiAnalyzerTests", "ApexApiAnalyzerTests\ApexApiAnalyzerTests.csproj", "{09D674E4-A728-4CBD-844B-33A80860F64B}"
EndProject
Global
	GlobalSection(SolutionConfigurationPlatforms) = preSolution
		Debug|Any CPU = Debug|Any CPU
		Release|Any CPU = Release|Any CPU
	EndGlobalSection
	GlobalSection(ProjectConfigurationPlatforms) = postSolution
		{269B0981-154B-4DDE-9B0A-18685C38BD9B}.Debug|Any CPU.ActiveCfg = Debug|Any CPU
		{269B0981-154B-4DDE-9B0A-18685C38BD9B}.Debug|Any CPU.Build.0 = Debug|Any CPU
		{269B0981-154B-4DDE-9B0A-18685C38BD9B}.Release|Any CPU.ActiveCfg = Release|Any CPU
		{269B0981-154B-4DDE-9B0A-18685C38BD9B}.Release|Any CPU.Build.0 = Release|Any CPU
		{A946AC19-13DF-4906-A5F3-F9A90DB20287}.Debug|Any CPU.ActiveCfg = Debug|Any CPU
		{A946AC19-13DF-4906-A5F3-F9A90DB20287}.Debug|Any CPU.Build.0 = Debug|Any CPU
		{A946AC19-13DF-4906-A5F3-F9A90DB20287}.Release|Any CPU.ActiveCfg = Release|Any CPU
		{A946AC19-13DF-4906-A5F3-F9A90DB20287}.Release|Any CPU.Build.0 = Release|Any CPU
		{9B2F3A1B-735D-4425-B959-C0073870F6D8}.Debug|Any CPU.ActiveCfg = Debug|Any CPU
		{9B2F3A1B-735D-4425-B959-C0073870F6D8}.Debug|Any CPU.Build.0 = Debug|Any CPU
		{9B2F3A1B-735D-4425-B959-C0073870F6D8}.Release|Any CPU.ActiveCfg = Release|Any CPU
		{9B2F3A1B-735D-4425-B959-C0073870F6D8}.Release|Any CPU.Build.0 = Release|Any CPU
		{E14A4AAE-58BC-4BEA-954F-9CE2DFFF2F63}.Debug|Any CPU.ActiveCfg = Debug|Any CPU
		{E14A4AAE-58BC-4BEA-954F-9CE2DFFF2F63}.Debug|Any CPU.Build.0 = Debug|Any CPU
		{E14A4AAE-58BC-4BEA-954F-9CE2DFFF2F63}.Release|Any CPU.ActiveCfg = Release|Any CPU
		{E14A4AAE-58BC-4BEA-954F-9CE2DFFF2F63}.Release|Any CPU.Build.0 = Release|Any CPU
		{8F282711-C373-4C07-97E2-A07DFCCB15D9}.Debug|Any CPU.ActiveCfg = Debug|Any CPU
		{8F282711-C373-4C07-97E2-A07DFCCB15D9}.Debug|Any CPU.Build.0 = Debug|Any CPU
		{8F282711-C373-4C07-97E2-A07DFCCB15D9}.Release|Any CPU.ActiveCfg = Release|Any CPU
		{8F282711-C373-4C07-97E2-A07DFCCB15D9}.Release|Any CPU.Build.0 = Release|Any CPU
		{09D674E4-A728-4CBD-844B-33A80860F64B}.Debug|Any CPU.ActiveCfg = Debug|Any CPU
		{09D674E4-A728-4CBD-844B-33A80860F64B}.Debug|Any CPU.Build.0 = Debug|Any CPU
		{09D674E4-A728-4CBD-844B-33A80860F64B}.Release|Any CPU.ActiveCfg = Release|Any CPU
		{09D674E4-A728-4CBD-844B-33A80860F64B}.Release|Any CPU.Build.0 = Release|Any CPU
	EndGlobalSection
	GlobalSection(SolutionProperties) = preSolution
		HideSolutionNode = FALSE
	EndGlobalSection
	GlobalSection(ExtensibilityGlobals) = postSolution
		SolutionGuid = {AD1A452B-CD6E-44FF-A14F-1238ADF608FB}
	EndGlobalSection
EndGlobal
